// !$*UTF8*$!
{
	archiveVersion = 1;
	classes = {
	};
	objectVersion = 56;
	objects = {

/* Begin PBXBuildFile section */
		334CEEDA29EAFD440093C665 /* TestCoordinatorApp.swift in Sources */ = {isa = PBXBuildFile; fileRef = 334CEED929EAFD440093C665 /* TestCoordinatorApp.swift */; };
		334CEEDC29EAFD440093C665 /* AppScreen.swift in Sources */ = {isa = PBXBuildFile; fileRef = 334CEEDB29EAFD440093C665 /* AppScreen.swift */; };
		334CEEDE29EAFD440093C665 /* Assets.xcassets in Resources */ = {isa = PBXBuildFile; fileRef = 334CEEDD29EAFD440093C665 /* Assets.xcassets */; };
		334CEEE129EAFD440093C665 /* Preview Assets.xcassets in Resources */ = {isa = PBXBuildFile; fileRef = 334CEEE029EAFD440093C665 /* Preview Assets.xcassets */; };
		334CEEE929EB0ED80093C665 /* AppRouter.swift in Sources */ = {isa = PBXBuildFile; fileRef = 334CEEE829EB0ED80093C665 /* AppRouter.swift */; };
		334CEEEB29EB0EEA0093C665 /* AppRoutes.swift in Sources */ = {isa = PBXBuildFile; fileRef = 334CEEEA29EB0EEA0093C665 /* AppRoutes.swift */; };
		334CEEEE29EB180D0093C665 /* HomeScreen.swift in Sources */ = {isa = PBXBuildFile; fileRef = 334CEEED29EB180D0093C665 /* HomeScreen.swift */; };
		334CEEF029EB2B670093C665 /* HomeRouter.swift in Sources */ = {isa = PBXBuildFile; fileRef = 334CEEEF29EB2B670093C665 /* HomeRouter.swift */; };
		334CEEF329EB2E920093C665 /* LoginScreen.swift in Sources */ = {isa = PBXBuildFile; fileRef = 334CEEF229EB2E920093C665 /* LoginScreen.swift */; };
		334CEEF529EB2F050093C665 /* HomeRoutes.swift in Sources */ = {isa = PBXBuildFile; fileRef = 334CEEF429EB2F050093C665 /* HomeRoutes.swift */; };
/* End PBXBuildFile section */

/* Begin PBXFileReference section */
		334CEED629EAFD440093C665 /* TestCoordinator.app */ = {isa = PBXFileReference; explicitFileType = wrapper.application; includeInIndex = 0; path = TestCoordinator.app; sourceTree = BUILT_PRODUCTS_DIR; };
		334CEED929EAFD440093C665 /* TestCoordinatorApp.swift */ = {isa = PBXFileReference; lastKnownFileType = sourcecode.swift; path = TestCoordinatorApp.swift; sourceTree = "<group>"; };
		334CEEDB29EAFD440093C665 /* AppScreen.swift */ = {isa = PBXFileReference; lastKnownFileType = sourcecode.swift; path = AppScreen.swift; sourceTree = "<group>"; };
		334CEEDD29EAFD440093C665 /* Assets.xcassets */ = {isa = PBXFileReference; lastKnownFileType = folder.assetcatalog; path = Assets.xcassets; sourceTree = "<group>"; };
		334CEEE029EAFD440093C665 /* Preview Assets.xcassets */ = {isa = PBXFileReference; lastKnownFileType = folder.assetcatalog; path = "Preview Assets.xcassets"; sourceTree = "<group>"; };
		334CEEE829EB0ED80093C665 /* AppRouter.swift */ = {isa = PBXFileReference; lastKnownFileType = sourcecode.swift; path = AppRouter.swift; sourceTree = "<group>"; };
		334CEEEA29EB0EEA0093C665 /* AppRoutes.swift */ = {isa = PBXFileReference; lastKnownFileType = sourcecode.swift; path = AppRoutes.swift; sourceTree = "<group>"; };
		334CEEED29EB180D0093C665 /* HomeScreen.swift */ = {isa = PBXFileReference; lastKnownFileType = sourcecode.swift; path = HomeScreen.swift; sourceTree = "<group>"; };
		334CEEEF29EB2B670093C665 /* HomeRouter.swift */ = {isa = PBXFileReference; lastKnownFileType = sourcecode.swift; path = HomeRouter.swift; sourceTree = "<group>"; };
		334CEEF229EB2E920093C665 /* LoginScreen.swift */ = {isa = PBXFileReference; lastKnownFileType = sourcecode.swift; path = LoginScreen.swift; sourceTree = "<group>"; };
		334CEEF429EB2F050093C665 /* HomeRoutes.swift */ = {isa = PBXFileReference; lastKnownFileType = sourcecode.swift; path = HomeRoutes.swift; sourceTree = "<group>"; };
/* End PBXFileReference section */

/* Begin PBXFrameworksBuildPhase section */
		334CEED329EAFD440093C665 /* Frameworks */ = {
			isa = PBXFrameworksBuildPhase;
			buildActionMask = 2147483647;
			files = (
			);
			runOnlyForDeploymentPostprocessing = 0;
		};
/* End PBXFrameworksBuildPhase section */

/* Begin PBXGroup section */
		334CEECD29EAFD440093C665 = {
			isa = PBXGroup;
			children = (
				334CEED829EAFD440093C665 /* TestCoordinator */,
				334CEED729EAFD440093C665 /* Products */,
			);
			sourceTree = "<group>";
		};
		334CEED729EAFD440093C665 /* Products */ = {
			isa = PBXGroup;
			children = (
				334CEED629EAFD440093C665 /* TestCoordinator.app */,
			);
			name = Products;
			sourceTree = "<group>";
		};
		334CEED829EAFD440093C665 /* TestCoordinator */ = {
			isa = PBXGroup;
			children = (
				334CEEE729EB0EC00093C665 /* App */,
				334CEEEC29EB17FD0093C665 /* Home */,
				334CEEF129EB2E7F0093C665 /* Login */,
				334CEEDD29EAFD440093C665 /* Assets.xcassets */,
				334CEEDF29EAFD440093C665 /* Preview Content */,
			);
			path = TestCoordinator;
			sourceTree = "<group>";
		};
		334CEEDF29EAFD440093C665 /* Preview Content */ = {
			isa = PBXGroup;
			children = (
				334CEEE029EAFD440093C665 /* Preview Assets.xcassets */,
			);
			path = "Preview Content";
			sourceTree = "<group>";
		};
		334CEEE729EB0EC00093C665 /* App */ = {
			isa = PBXGroup;
			children = (
				334CEED929EAFD440093C665 /* TestCoordinatorApp.swift */,
				334CEEE829EB0ED80093C665 /* AppRouter.swift */,
				334CEEDB29EAFD440093C665 /* AppScreen.swift */,
				334CEEEA29EB0EEA0093C665 /* AppRoutes.swift */,
			);
			path = App;
			sourceTree = "<group>";
		};
		334CEEEC29EB17FD0093C665 /* Home */ = {
			isa = PBXGroup;
			children = (
				334CEEEF29EB2B670093C665 /* HomeRouter.swift */,
				334CEEED29EB180D0093C665 /* HomeScreen.swift */,
				334CEEF429EB2F050093C665 /* HomeRoutes.swift */,
			);
			path = Home;
			sourceTree = "<group>";
		};
		334CEEF129EB2E7F0093C665 /* Login */ = {
			isa = PBXGroup;
			children = (
				334CEEF229EB2E920093C665 /* LoginScreen.swift */,
			);
			path = Login;
			sourceTree = "<group>";
		};
/* End PBXGroup section */

/* Begin PBXNativeTarget section */
		334CEED529EAFD440093C665 /* TestCoordinator */ = {
			isa = PBXNativeTarget;
			buildConfigurationList = 334CEEE429EAFD440093C665 /* Build configuration list for PBXNativeTarget "TestCoordinator" */;
			buildPhases = (
				334CEED229EAFD440093C665 /* Sources */,
				334CEED329EAFD440093C665 /* Frameworks */,
				334CEED429EAFD440093C665 /* Resources */,
			);
			buildRules = (
			);
			dependencies = (
			);
			name = TestCoordinator;
			productName = TestCoordinator;
			productReference = 334CEED629EAFD440093C665 /* TestCoordinator.app */;
			productType = "com.apple.product-type.application";
		};
/* End PBXNativeTarget section */

/* Begin PBXProject section */
		334CEECE29EAFD440093C665 /* Project object */ = {
			isa = PBXProject;
			attributes = {
				BuildIndependentTargetsInParallel = 1;
				LastSwiftUpdateCheck = 1430;
				LastUpgradeCheck = 1430;
				TargetAttributes = {
					334CEED529EAFD440093C665 = {
						CreatedOnToolsVersion = 14.3;
					};
				};
			};
			buildConfigurationList = 334CEED129EAFD440093C665 /* Build configuration list for PBXProject "TestCoordinator" */;
			compatibilityVersion = "Xcode 14.0";
			developmentRegion = en;
			hasScannedForEncodings = 0;
			knownRegions = (
				en,
				Base,
			);
			mainGroup = 334CEECD29EAFD440093C665;
			productRefGroup = 334CEED729EAFD440093C665 /* Products */;
			projectDirPath = "";
			projectRoot = "";
			targets = (
				334CEED529EAFD440093C665 /* TestCoordinator */,
			);
		};
/* End PBXProject section */

/* Begin PBXResourcesBuildPhase section */
		334CEED429EAFD440093C665 /* Resources */ = {
			isa = PBXResourcesBuildPhase;
			buildActionMask = 2147483647;
			files = (
				334CEEE129EAFD440093C665 /* Preview Assets.xcassets in Resources */,
				334CEEDE29EAFD440093C665 /* Assets.xcassets in Resources */,
			);
			runOnlyForDeploymentPostprocessing = 0;
		};
/* End PBXResourcesBuildPhase section */

/* Begin PBXSourcesBuildPhase section */
		334CEED229EAFD440093C665 /* Sources */ = {
			isa = PBXSourcesBuildPhase;
			buildActionMask = 2147483647;
			files = (
				334CEEDC29EAFD440093C665 /* AppScreen.swift in Sources */,
				334CEEF029EB2B670093C665 /* HomeRouter.swift in Sources */,
				334CEEDA29EAFD440093C665 /* TestCoordinatorApp.swift in Sources */,
				334CEEE929EB0ED80093C665 /* AppRouter.swift in Sources */,
				334CEEF329EB2E920093C665 /* LoginScreen.swift in Sources */,
				334CEEEE29EB180D0093C665 /* HomeScreen.swift in Sources */,
				334CEEF529EB2F050093C665 /* HomeRoutes.swift in Sources */,
				334CEEEB29EB0EEA0093C665 /* AppRoutes.swift in Sources */,
			);
			runOnlyForDeploymentPostprocessing = 0;
		};
/* End PBXSourcesBuildPhase section */

/* Begin XCBuildConfiguration section */
		334CEEE229EAFD440093C665 /* Debug */ = {
			isa = XCBuildConfiguration;
			buildSettings = {
				ALWAYS_SEARCH_USER_PATHS = NO;
				CLANG_ANALYZER_NONNULL = YES;
				CLANG_ANALYZER_NUMBER_OBJECT_CONVERSION = YES_AGGRESSIVE;
				CLANG_CXX_LANGUAGE_STANDARD = "gnu++20";
				CLANG_ENABLE_MODULES = YES;
				CLANG_ENABLE_OBJC_ARC = YES;
				CLANG_ENABLE_OBJC_WEAK = YES;
				CLANG_WARN_BLOCK_CAPTURE_AUTORELEASING = YES;
				CLANG_WARN_BOOL_CONVERSION = YES;
				CLANG_WARN_COMMA = YES;
				CLANG_WARN_CONSTANT_CONVERSION = YES;
				CLANG_WARN_DEPRECATED_OBJC_IMPLEMENTATIONS = YES;
				CLANG_WARN_DIRECT_OBJC_ISA_USAGE = YES_ERROR;
				CLANG_WARN_DOCUMENTATION_COMMENTS = YES;
				CLANG_WARN_EMPTY_BODY = YES;
				CLANG_WARN_ENUM_CONVERSION = YES;
				CLANG_WARN_INFINITE_RECURSION = YES;
				CLANG_WARN_INT_CONVERSION = YES;
				CLANG_WARN_NON_LITERAL_NULL_CONVERSION = YES;
				CLANG_WARN_OBJC_IMPLICIT_RETAIN_SELF = YES;
				CLANG_WARN_OBJC_LITERAL_CONVERSION = YES;
				CLANG_WARN_OBJC_ROOT_CLASS = YES_ERROR;
				CLANG_WARN_QUOTED_INCLUDE_IN_FRAMEWORK_HEADER = YES;
				CLANG_WARN_RANGE_LOOP_ANALYSIS = YES;
				CLANG_WARN_STRICT_PROTOTYPES = YES;
				CLANG_WARN_SUSPICIOUS_MOVE = YES;
				CLANG_WARN_UNGUARDED_AVAILABILITY = YES_AGGRESSIVE;
				CLANG_WARN_UNREACHABLE_CODE = YES;
				CLANG_WARN__DUPLICATE_METHOD_MATCH = YES;
				COPY_PHASE_STRIP = NO;
				DEBUG_INFORMATION_FORMAT = dwarf;
				ENABLE_STRICT_OBJC_MSGSEND = YES;
				ENABLE_TESTABILITY = YES;
				GCC_C_LANGUAGE_STANDARD = gnu11;
				GCC_DYNAMIC_NO_PIC = NO;
				GCC_NO_COMMON_BLOCKS = YES;
				GCC_OPTIMIZATION_LEVEL = 0;
				GCC_PREPROCESSOR_DEFINITIONS = (
					"DEBUG=1",
					"$(inherited)",
				);
				GCC_WARN_64_TO_32_BIT_CONVERSION = YES;
				GCC_WARN_ABOUT_RETURN_TYPE = YES_ERROR;
				GCC_WARN_UNDECLARED_SELECTOR = YES;
				GCC_WARN_UNINITIALIZED_AUTOS = YES_AGGRESSIVE;
				GCC_WARN_UNUSED_FUNCTION = YES;
				GCC_WARN_UNUSED_VARIABLE = YES;
				IPHONEOS_DEPLOYMENT_TARGET = 16.4;
				MTL_ENABLE_DEBUG_INFO = INCLUDE_SOURCE;
				MTL_FAST_MATH = YES;
				ONLY_ACTIVE_ARCH = YES;
				SDKROOT = iphoneos;
				SWIFT_ACTIVE_COMPILATION_CONDITIONS = DEBUG;
				SWIFT_OPTIMIZATION_LEVEL = "-Onone";
			};
			name = Debug;
		};
		334CEEE329EAFD440093C665 /* Release */ = {
			isa = XCBuildConfiguration;
			buildSettings = {
				ALWAYS_SEARCH_USER_PATHS = NO;
				CLANG_ANALYZER_NONNULL = YES;
				CLANG_ANALYZER_NUMBER_OBJECT_CONVERSION = YES_AGGRESSIVE;
				CLANG_CXX_LANGUAGE_STANDARD = "gnu++20";
				CLANG_ENABLE_MODULES = YES;
				CLANG_ENABLE_OBJC_ARC = YES;
				CLANG_ENABLE_OBJC_WEAK = YES;
				CLANG_WARN_BLOCK_CAPTURE_AUTORELEASING = YES;
				CLANG_WARN_BOOL_CONVERSION = YES;
				CLANG_WARN_COMMA = YES;
				CLANG_WARN_CONSTANT_CONVERSION = YES;
				CLANG_WARN_DEPRECATED_OBJC_IMPLEMENTATIONS = YES;
				CLANG_WARN_DIRECT_OBJC_ISA_USAGE = YES_ERROR;
				CLANG_WARN_DOCUMENTATION_COMMENTS = YES;
				CLANG_WARN_EMPTY_BODY = YES;
				CLANG_WARN_ENUM_CONVERSION = YES;
				CLANG_WARN_INFINITE_RECURSION = YES;
				CLANG_WARN_INT_CONVERSION = YES;
				CLANG_WARN_NON_LITERAL_NULL_CONVERSION = YES;
				CLANG_WARN_OBJC_IMPLICIT_RETAIN_SELF = YES;
				CLANG_WARN_OBJC_LITERAL_CONVERSION = YES;
				CLANG_WARN_OBJC_ROOT_CLASS = YES_ERROR;
				CLANG_WARN_QUOTED_INCLUDE_IN_FRAMEWORK_HEADER = YES;
				CLANG_WARN_RANGE_LOOP_ANALYSIS = YES;
				CLANG_WARN_STRICT_PROTOTYPES = YES;
				CLANG_WARN_SUSPICIOUS_MOVE = YES;
				CLANG_WARN_UNGUARDED_AVAILABILITY = YES_AGGRESSIVE;
				CLANG_WARN_UNREACHABLE_CODE = YES;
				CLANG_WARN__DUPLICATE_METHOD_MATCH = YES;
				COPY_PHASE_STRIP = NO;
				DEBUG_INFORMATION_FORMAT = "dwarf-with-dsym";
				ENABLE_NS_ASSERTIONS = NO;
				ENABLE_STRICT_OBJC_MSGSEND = YES;
				GCC_C_LANGUAGE_STANDARD = gnu11;
				GCC_NO_COMMON_BLOCKS = YES;
				GCC_WARN_64_TO_32_BIT_CONVERSION = YES;
				GCC_WARN_ABOUT_RETURN_TYPE = YES_ERROR;
				GCC_WARN_UNDECLARED_SELECTOR = YES;
				GCC_WARN_UNINITIALIZED_AUTOS = YES_AGGRESSIVE;
				GCC_WARN_UNUSED_FUNCTION = YES;
				GCC_WARN_UNUSED_VARIABLE = YES;
				IPHONEOS_DEPLOYMENT_TARGET = 16.4;
				MTL_ENABLE_DEBUG_INFO = NO;
				MTL_FAST_MATH = YES;
				SDKROOT = iphoneos;
				SWIFT_COMPILATION_MODE = wholemodule;
				SWIFT_OPTIMIZATION_LEVEL = "-O";
				VALIDATE_PRODUCT = YES;
			};
			name = Release;
		};
		334CEEE529EAFD440093C665 /* Debug */ = {
			isa = XCBuildConfiguration;
			buildSettings = {
				ASSETCATALOG_COMPILER_APPICON_NAME = AppIcon;
				ASSETCATALOG_COMPILER_GLOBAL_ACCENT_COLOR_NAME = AccentColor;
				CODE_SIGN_STYLE = Automatic;
				CURRENT_PROJECT_VERSION = 1;
				DEVELOPMENT_ASSET_PATHS = "\"TestCoordinator/Preview Content\"";
				ENABLE_PREVIEWS = YES;
				GENERATE_INFOPLIST_FILE = YES;
				INFOPLIST_KEY_UIApplicationSceneManifest_Generation = YES;
				INFOPLIST_KEY_UIApplicationSupportsIndirectInputEvents = YES;
				INFOPLIST_KEY_UILaunchScreen_Generation = YES;
				INFOPLIST_KEY_UISupportedInterfaceOrientations_iPad = "UIInterfaceOrientationPortrait UIInterfaceOrientationPortraitUpsideDown UIInterfaceOrientationLandscapeLeft UIInterfaceOrientationLandscapeRight";
				INFOPLIST_KEY_UISupportedInterfaceOrientations_iPhone = "UIInterfaceOrientationPortrait UIInterfaceOrientationLandscapeLeft UIInterfaceOrientationLandscapeRight";
				LD_RUNPATH_SEARCH_PATHS = (
					"$(inherited)",
					"@executable_path/Frameworks",
				);
				MARKETING_VERSION = 1.0;
				PRODUCT_BUNDLE_IDENTIFIER = berry.love.TestCoordinator;
				PRODUCT_NAME = "$(TARGET_NAME)";
				SWIFT_EMIT_LOC_STRINGS = YES;
				SWIFT_VERSION = 5.0;
				TARGETED_DEVICE_FAMILY = "1,2";
			};
			name = Debug;
		};
		334CEEE629EAFD440093C665 /* Release */ = {
			isa = XCBuildConfiguration;
			buildSettings = {
				ASSETCATALOG_COMPILER_APPICON_NAME = AppIcon;
				ASSETCATALOG_COMPILER_GLOBAL_ACCENT_COLOR_NAME = AccentColor;
				CODE_SIGN_STYLE = Automatic;
				CURRENT_PROJECT_VERSION = 1;
				DEVELOPMENT_ASSET_PATHS = "\"TestCoordinator/Preview Content\"";
				ENABLE_PREVIEWS = YES;
				GENERATE_INFOPLIST_FILE = YES;
				INFOPLIST_KEY_UIApplicationSceneManifest_Generation = YES;
				INFOPLIST_KEY_UIApplicationSupportsIndirectInputEvents = YES;
				INFOPLIST_KEY_UILaunchScreen_Generation = YES;
				INFOPLIST_KEY_UISupportedInterfaceOrientations_iPad = "UIInterfaceOrientationPortrait UIInterfaceOrientationPortraitUpsideDown UIInterfaceOrientationLandscapeLeft UIInterfaceOrientationLandscapeRight";
				INFOPLIST_KEY_UISupportedInterfaceOrientations_iPhone = "UIInterfaceOrientationPortrait UIInterfaceOrientationLandscapeLeft UIInterfaceOrientationLandscapeRight";
				LD_RUNPATH_SEARCH_PATHS = (
					"$(inherited)",
					"@executable_path/Frameworks",
				);
				MARKETING_VERSION = 1.0;
				PRODUCT_BUNDLE_IDENTIFIER = berry.love.TestCoordinator;
				PRODUCT_NAME = "$(TARGET_NAME)";
				SWIFT_EMIT_LOC_STRINGS = YES;
				SWIFT_VERSION = 5.0;
				TARGETED_DEVICE_FAMILY = "1,2";
			};
			name = Release;
		};
/* End XCBuildConfiguration section */

/* Begin XCConfigurationList section */
		334CEED129EAFD440093C665 /* Build configuration list for PBXProject "TestCoordinator" */ = {
			isa = XCConfigurationList;
			buildConfigurations = (
				334CEEE229EAFD440093C665 /* Debug */,
				334CEEE329EAFD440093C665 /* Release */,
			);
			defaultConfigurationIsVisible = 0;
			defaultConfigurationName = Release;
		};
		334CEEE429EAFD440093C665 /* Build configuration list for PBXNativeTarget "TestCoordinator" */ = {
			isa = XCConfigurationList;
			buildConfigurations = (
				334CEEE529EAFD440093C665 /* Debug */,
				334CEEE629EAFD440093C665 /* Release */,
			);
			defaultConfigurationIsVisible = 0;
			defaultConfigurationName = Release;
		};
/* End XCConfigurationList section */
	};
	rootObject = 334CEECE29EAFD440093C665 /* Project object */;
}
